
Microsoft Visual Studio Solution File, Format Version 12.00
# Visual Studio 15
VisualStudioVersion = 15.0.26124.0
MinimumVisualStudioVersion = 15.0.26124.0
Project("{FAE04EC0-301F-11D3-BF4B-00C04F79EFBC}") = "RedMonocapa", "RedMonocapa.csproj", "{C8EE7F59-E425-404E-9072-BEB013826CE9}"
EndProject
Global
	GlobalSection(SolutionConfigurationPlatforms) = preSolution
		Debug|Any CPU = Debug|Any CPU
		Debug|x64 = Debug|x64
		Debug|x86 = Debug|x86
		Release|Any CPU = Release|Any CPU
		Release|x64 = Release|x64
		Release|x86 = Release|x86
	EndGlobalSection
	GlobalSection(SolutionProperties) = preSolution
		HideSolutionNode = FALSE
	EndGlobalSection
	GlobalSection(ProjectConfigurationPlatforms) = postSolution
		{C8EE7F59-E425-404E-9072-BEB013826CE9}.Debug|Any CPU.ActiveCfg = Debug|Any CPU
		{C8EE7F59-E425-404E-9072-BEB013826CE9}.Debug|Any CPU.Build.0 = Debug|Any CPU
		{C8EE7F59-E425-404E-9072-BEB013826CE9}.Debug|x64.ActiveCfg = Debug|Any CPU
		{C8EE7F59-E425-404E-9072-BEB013826CE9}.Debug|x64.Build.0 = Debug|Any CPU
		{C8EE7F59-E425-404E-9072-BEB013826CE9}.Debug|x86.ActiveCfg = Debug|Any CPU
		{C8EE7F59-E425-404E-9072-BEB013826CE9}.Debug|x86.Build.0 = Debug|Any CPU
		{C8EE7F59-E425-404E-9072-BEB013826CE9}.Release|Any CPU.ActiveCfg = Release|Any CPU
		{C8EE7F59-E425-404E-9072-BEB013826CE9}.Release|Any CPU.Build.0 = Release|Any CPU
		{C8EE7F59-E425-404E-9072-BEB013826CE9}.Release|x64.ActiveCfg = Release|Any CPU
		{C8EE7F59-E425-404E-9072-BEB013826CE9}.Release|x64.Build.0 = Release|Any CPU
		{C8EE7F59-E425-404E-9072-BEB013826CE9}.Release|x86.ActiveCfg = Release|Any CPU
		{C8EE7F59-E425-404E-9072-BEB013826CE9}.Release|x86.Build.0 = Release|Any CPU
		{92864A32-1B78-44A9-B929-B354D75212A7}.Debug|Any CPU.ActiveCfg = Debug|Any CPU
		{92864A32-1B78-44A9-B929-B354D75212A7}.Debug|Any CPU.Build.0 = Debug|Any CPU
		{92864A32-1B78-44A9-B929-B354D75212A7}.Debug|x64.ActiveCfg = Debug|Any CPU
		{92864A32-1B78-44A9-B929-B354D75212A7}.Debug|x64.Build.0 = Debug|Any CPU
		{92864A32-1B78-44A9-B929-B354D75212A7}.Debug|x86.ActiveCfg = Debug|Any CPU
		{92864A32-1B78-44A9-B929-B354D75212A7}.Debug|x86.Build.0 = Debug|Any CPU
		{92864A32-1B78-44A9-B929-B354D75212A7}.Release|Any CPU.ActiveCfg = Release|Any CPU
		{92864A32-1B78-44A9-B929-B354D75212A7}.Release|Any CPU.Build.0 = Release|Any CPU
		{92864A32-1B78-44A9-B929-B354D75212A7}.Release|x64.ActiveCfg = Release|Any CPU
		{92864A32-1B78-44A9-B929-B354D75212A7}.Release|x64.Build.0 = Release|Any CPU
		{92864A32-1B78-44A9-B929-B354D75212A7}.Release|x86.ActiveCfg = Release|Any CPU
		{92864A32-1B78-44A9-B929-B354D75212A7}.Release|x86.Build.0 = Release|Any CPU
		{833EC010-1089-4C90-8841-05F4F568E182}.Debug|Any CPU.ActiveCfg = Debug|Any CPU
		{833EC010-1089-4C90-8841-05F4F568E182}.Debug|Any CPU.Build.0 = Debug|Any CPU
		{833EC010-1089-4C90-8841-05F4F568E182}.Debug|x64.ActiveCfg = Debug|Any CPU
		{833EC010-1089-4C90-8841-05F4F568E182}.Debug|x64.Build.0 = Debug|Any CPU
		{833EC010-1089-4C90-8841-05F4F568E182}.Debug|x86.ActiveCfg = Debug|Any CPU
		{833EC010-1089-4C90-8841-05F4F568E182}.Debug|x86.Build.0 = Debug|Any CPU
		{833EC010-1089-4C90-8841-05F4F568E182}.Release|Any CPU.ActiveCfg = Release|Any CPU
		{833EC010-1089-4C90-8841-05F4F568E182}.Release|Any CPU.Build.0 = Release|Any CPU
		{833EC010-1089-4C90-8841-05F4F568E182}.Release|x64.ActiveCfg = Release|Any CPU
		{833EC010-1089-4C90-8841-05F4F568E182}.Release|x64.Build.0 = Release|Any CPU
		{833EC010-1089-4C90-8841-05F4F568E182}.Release|x86.ActiveCfg = Release|Any CPU
		{833EC010-1089-4C90-8841-05F4F568E182}.Release|x86.Build.0 = Release|Any CPU
		{5AB63A9D-FEC5-4B60-BE8C-CE4B3C864C1F}.Debug|Any CPU.ActiveCfg = Debug|Any CPU
		{5AB63A9D-FEC5-4B60-BE8C-CE4B3C864C1F}.Debug|Any CPU.Build.0 = Debug|Any CPU
		{5AB63A9D-FEC5-4B60-BE8C-CE4B3C864C1F}.Debug|x64.ActiveCfg = Debug|Any CPU
		{5AB63A9D-FEC5-4B60-BE8C-CE4B3C864C1F}.Debug|x64.Build.0 = Debug|Any CPU
		{5AB63A9D-FEC5-4B60-BE8C-CE4B3C864C1F}.Debug|x86.ActiveCfg = Debug|Any CPU
		{5AB63A9D-FEC5-4B60-BE8C-CE4B3C864C1F}.Debug|x86.Build.0 = Debug|Any CPU
		{5AB63A9D-FEC5-4B60-BE8C-CE4B3C864C1F}.Release|Any CPU.ActiveCfg = Release|Any CPU
		{5AB63A9D-FEC5-4B60-BE8C-CE4B3C864C1F}.Release|Any CPU.Build.0 = Release|Any CPU
		{5AB63A9D-FEC5-4B60-BE8C-CE4B3C864C1F}.Release|x64.ActiveCfg = Release|Any CPU
		{5AB63A9D-FEC5-4B60-BE8C-CE4B3C864C1F}.Release|x64.Build.0 = Release|Any CPU
		{5AB63A9D-FEC5-4B60-BE8C-CE4B3C864C1F}.Release|x86.ActiveCfg = Release|Any CPU
		{5AB63A9D-FEC5-4B60-BE8C-CE4B3C864C1F}.Release|x86.Build.0 = Release|Any CPU
	EndGlobalSection
EndGlobal
